
Microsoft Visual Studio Solution File, Format Version 12.00
# Visual Studio Version 16
VisualStudioVersion = 16.0.31129.286
MinimumVisualStudioVersion = 10.0.40219.1
Project("{9A19103F-16F7-4668-BE54-9A1E7A4F7556}") = "PgTrgm", "PgTrgm\PgTrgm.csproj", "{C58431E4-1914-431E-881A-800199937192}"
EndProject
Global
	GlobalSection(SolutionConfigurationPlatforms) = preSolution
		Debug|Any CPU = Debug|Any CPU
		Release|Any CPU = Release|Any CPU
	EndGlobalSection
	GlobalSection(ProjectConfigurationPlatforms) = postSolution
		{C58431E4-1914-431E-881A-800199937192}.Debug|Any CPU.ActiveCfg = Debug|Any CPU
		{C58431E4-1914-431E-881A-800199937192}.Debug|Any CPU.Build.0 = Debug|Any CPU
		{C58431E4-1914-431E-881A-800199937192}.Release|Any CPU.ActiveCfg = Release|Any CPU
		{C58431E4-1914-431E-881A-800199937192}.Release|Any CPU.Build.0 = Release|Any CPU
	EndGlobalSection
	GlobalSection(SolutionProperties) = preSolution
		HideSolutionNode = FALSE
	EndGlobalSection
	GlobalSection(ExtensibilityGlobals) = postSolution
		SolutionGuid = {14189913-B5FA-406B-B65D-0D5D9B2C0C19}
	EndGlobalSection
EndGlobal
